Microsoft Visual Studio Solution File, Format Version 12.00
# Visual Studio Version 17
VisualStudioVersion = 17.5.2.0
MinimumVisualStudioVersion = 10.0.40219.1
Project("{FAE04EC0-301F-11D3-BF4B-00C04F79EFBC}") = "RSS-Reader", "RSS-Reader.csproj", "{444EE4CC-3F84-9E2E-49B8-7536A8E9E8B5}"
EndProject
Global
	GlobalSection(SolutionConfigurationPlatforms) = preSolution
		Debug|Any CPU = Debug|Any CPU
		Release|Any CPU = Release|Any CPU
	EndGlobalSection
	GlobalSection(ProjectConfigurationPlatforms) = postSolution
		{444EE4CC-3F84-9E2E-49B8-7536A8E9E8B5}.Debug|Any CPU.ActiveCfg = Debug|Any CPU
		{444EE4CC-3F84-9E2E-49B8-7536A8E9E8B5}.Debug|Any CPU.Build.0 = Debug|Any CPU
		{444EE4CC-3F84-9E2E-49B8-7536A8E9E8B5}.Release|Any CPU.ActiveCfg = Release|Any CPU
		{444EE4CC-3F84-9E2E-49B8-7536A8E9E8B5}.Release|Any CPU.Build.0 = Release|Any CPU
	EndGlobalSection
	GlobalSection(SolutionProperties) = preSolution
		HideSolutionNode = FALSE
	EndGlobalSection
	GlobalSection(ExtensibilityGlobals) = postSolution
		SolutionGuid = {9BE6C9C6-308C-4A2B-971A-06CC2C049498}
	EndGlobalSection
EndGlobal
